
Microsoft Visual Studio Solution File, Format Version 12.00
# Visual Studio Version 17
VisualStudioVersion = 17.0.31903.59
MinimumVisualStudioVersion = 10.0.40219.1
Project("{FAE04EC0-301F-11D3-BF4B-00C04F79EFBC}") = "kernel", "src\kernel\kernel.csproj", "{04F9A49A-9B28-4F26-87D9-9E41C0785D61}"
EndProject
Project("{FAE04EC0-301F-11D3-BF4B-00C04F79EFBC}") = "kernel.tests", "src\kernel.tests\kernel.tests.csproj", "{2354D4C8-8B4C-4805-9A44-1C9F3917C985}"
EndProject
Project("{2150E333-8FDC-42A3-9474-1A3956D46DE8}") = "src", "src", "{6B2215E1-32C6-4C18-BF78-F931ABDF03E3}"
EndProject
Project("{FAE04EC0-301F-11D3-BF4B-00C04F79EFBC}") = "kernel.api", "src\kernel.api\kernel.api.csproj", "{00FA0F7E-B4DD-4734-9A19-A4137023A340}"
EndProject
Global
	GlobalSection(SolutionConfigurationPlatforms) = preSolution
		Debug|Any CPU = Debug|Any CPU
		Release|Any CPU = Release|Any CPU
	EndGlobalSection
	GlobalSection(SolutionProperties) = preSolution
		HideSolutionNode = FALSE
	EndGlobalSection
	GlobalSection(ProjectConfigurationPlatforms) = postSolution
		{04F9A49A-9B28-4F26-87D9-9E41C0785D61}.Debug|Any CPU.ActiveCfg = Debug|Any CPU
		{04F9A49A-9B28-4F26-87D9-9E41C0785D61}.Debug|Any CPU.Build.0 = Debug|Any CPU
		{04F9A49A-9B28-4F26-87D9-9E41C0785D61}.Release|Any CPU.ActiveCfg = Release|Any CPU
		{04F9A49A-9B28-4F26-87D9-9E41C0785D61}.Release|Any CPU.Build.0 = Release|Any CPU
		{2354D4C8-8B4C-4805-9A44-1C9F3917C985}.Debug|Any CPU.ActiveCfg = Debug|Any CPU
		{2354D4C8-8B4C-4805-9A44-1C9F3917C985}.Debug|Any CPU.Build.0 = Debug|Any CPU
		{2354D4C8-8B4C-4805-9A44-1C9F3917C985}.Release|Any CPU.ActiveCfg = Release|Any CPU
		{2354D4C8-8B4C-4805-9A44-1C9F3917C985}.Release|Any CPU.Build.0 = Release|Any CPU
		{00FA0F7E-B4DD-4734-9A19-A4137023A340}.Debug|Any CPU.ActiveCfg = Debug|Any CPU
		{00FA0F7E-B4DD-4734-9A19-A4137023A340}.Debug|Any CPU.Build.0 = Debug|Any CPU
		{00FA0F7E-B4DD-4734-9A19-A4137023A340}.Release|Any CPU.ActiveCfg = Release|Any CPU
		{00FA0F7E-B4DD-4734-9A19-A4137023A340}.Release|Any CPU.Build.0 = Release|Any CPU
	EndGlobalSection
	GlobalSection(NestedProjects) = preSolution
		{00FA0F7E-B4DD-4734-9A19-A4137023A340} = {6B2215E1-32C6-4C18-BF78-F931ABDF03E3}
	EndGlobalSection
EndGlobal
