
Microsoft Visual Studio Solution File, Format Version 12.00
# Visual Studio Version 17
VisualStudioVersion = 17.0.31903.59
MinimumVisualStudioVersion = 10.0.40219.1
Project("{FAE04EC0-301F-11D3-BF4B-00C04F79EFBC}") = "kernel", "src\kernel\kernel.csproj", "{04F9A49A-9B28-4F26-87D9-9E41C0785D61}"
EndProject
Project("{FAE04EC0-301F-11D3-BF4B-00C04F79EFBC}") = "kernel.tests", "src\kernel.tests\kernel.tests.csproj", "{2354D4C8-8B4C-4805-9A44-1C9F3917C985}"
EndProject
Project("{2150E333-8FDC-42A3-9474-1A3956D46DE8}") = "src", "src", "{6B2215E1-32C6-4C18-BF78-F931ABDF03E3}"
EndProject
Project("{FAE04EC0-301F-11D3-BF4B-00C04F79EFBC}") = "kernel.api", "src\kernel.api\kernel.api.csproj", "{00FA0F7E-B4DD-4734-9A19-A4137023A340}"
EndProject
Project("{FAE04EC0-301F-11D3-BF4B-00C04F79EFBC}") = "kernel.index", "src\kernel.index\kernel.index.csproj", "{CED17704-12CD-46A7-B32C-82D7F0D08A33}"
EndProject
Project("{2150E333-8FDC-42A3-9474-1A3956D46DE8}") = "semantic-kernel", "semantic-kernel", "{C84D74BA-D370-47AD-9B58-DEA6D5C64968}"
EndProject
Project("{2150E333-8FDC-42A3-9474-1A3956D46DE8}") = "dotnet", "dotnet", "{23CAF974-75E1-4FF1-9413-10B7638143EC}"
EndProject
Project("{2150E333-8FDC-42A3-9474-1A3956D46DE8}") = "src", "src", "{8EAFBE33-711C-4457-BE47-8B470AC8FC71}"
EndProject
Project("{FAE04EC0-301F-11D3-BF4B-00C04F79EFBC}") = "SemanticKernel", "semantic-kernel\dotnet\src\SemanticKernel\SemanticKernel.csproj", "{F5F28F66-8646-4A87-AE37-0A2272CAC32E}"
EndProject
Project("{2150E333-8FDC-42A3-9474-1A3956D46DE8}") = "SemanticKernel.Skills", "SemanticKernel.Skills", "{2DBEE2B7-0584-4EEE-BA29-E446A99325C6}"
EndProject
Project("{FAE04EC0-301F-11D3-BF4B-00C04F79EFBC}") = "Skills.Memory.Qdrant", "semantic-kernel\dotnet\src\SemanticKernel.Skills\Skills.Memory.Qdrant\Skills.Memory.Qdrant.csproj", "{F7B96B62-E138-4950-8943-76CFAB6EBAC6}"
EndProject
Global
	GlobalSection(SolutionConfigurationPlatforms) = preSolution
		Debug|Any CPU = Debug|Any CPU
		Release|Any CPU = Release|Any CPU
	EndGlobalSection
	GlobalSection(SolutionProperties) = preSolution
		HideSolutionNode = FALSE
	EndGlobalSection
	GlobalSection(ProjectConfigurationPlatforms) = postSolution
		{04F9A49A-9B28-4F26-87D9-9E41C0785D61}.Debug|Any CPU.ActiveCfg = Debug|Any CPU
		{04F9A49A-9B28-4F26-87D9-9E41C0785D61}.Debug|Any CPU.Build.0 = Debug|Any CPU
		{04F9A49A-9B28-4F26-87D9-9E41C0785D61}.Release|Any CPU.ActiveCfg = Release|Any CPU
		{04F9A49A-9B28-4F26-87D9-9E41C0785D61}.Release|Any CPU.Build.0 = Release|Any CPU
		{2354D4C8-8B4C-4805-9A44-1C9F3917C985}.Debug|Any CPU.ActiveCfg = Debug|Any CPU
		{2354D4C8-8B4C-4805-9A44-1C9F3917C985}.Debug|Any CPU.Build.0 = Debug|Any CPU
		{2354D4C8-8B4C-4805-9A44-1C9F3917C985}.Release|Any CPU.ActiveCfg = Release|Any CPU
		{2354D4C8-8B4C-4805-9A44-1C9F3917C985}.Release|Any CPU.Build.0 = Release|Any CPU
		{00FA0F7E-B4DD-4734-9A19-A4137023A340}.Debug|Any CPU.ActiveCfg = Debug|Any CPU
		{00FA0F7E-B4DD-4734-9A19-A4137023A340}.Debug|Any CPU.Build.0 = Debug|Any CPU
		{00FA0F7E-B4DD-4734-9A19-A4137023A340}.Release|Any CPU.ActiveCfg = Release|Any CPU
		{00FA0F7E-B4DD-4734-9A19-A4137023A340}.Release|Any CPU.Build.0 = Release|Any CPU
		{CED17704-12CD-46A7-B32C-82D7F0D08A33}.Debug|Any CPU.ActiveCfg = Debug|Any CPU
		{CED17704-12CD-46A7-B32C-82D7F0D08A33}.Debug|Any CPU.Build.0 = Debug|Any CPU
		{CED17704-12CD-46A7-B32C-82D7F0D08A33}.Release|Any CPU.ActiveCfg = Release|Any CPU
		{CED17704-12CD-46A7-B32C-82D7F0D08A33}.Release|Any CPU.Build.0 = Release|Any CPU
		{F5F28F66-8646-4A87-AE37-0A2272CAC32E}.Debug|Any CPU.ActiveCfg = Debug|Any CPU
		{F5F28F66-8646-4A87-AE37-0A2272CAC32E}.Debug|Any CPU.Build.0 = Debug|Any CPU
		{F5F28F66-8646-4A87-AE37-0A2272CAC32E}.Release|Any CPU.ActiveCfg = Release|Any CPU
		{F5F28F66-8646-4A87-AE37-0A2272CAC32E}.Release|Any CPU.Build.0 = Release|Any CPU
		{F7B96B62-E138-4950-8943-76CFAB6EBAC6}.Debug|Any CPU.ActiveCfg = Debug|Any CPU
		{F7B96B62-E138-4950-8943-76CFAB6EBAC6}.Debug|Any CPU.Build.0 = Debug|Any CPU
		{F7B96B62-E138-4950-8943-76CFAB6EBAC6}.Release|Any CPU.ActiveCfg = Release|Any CPU
		{F7B96B62-E138-4950-8943-76CFAB6EBAC6}.Release|Any CPU.Build.0 = Release|Any CPU
	EndGlobalSection
	GlobalSection(NestedProjects) = preSolution
		{00FA0F7E-B4DD-4734-9A19-A4137023A340} = {6B2215E1-32C6-4C18-BF78-F931ABDF03E3}
		{CED17704-12CD-46A7-B32C-82D7F0D08A33} = {6B2215E1-32C6-4C18-BF78-F931ABDF03E3}
		{23CAF974-75E1-4FF1-9413-10B7638143EC} = {C84D74BA-D370-47AD-9B58-DEA6D5C64968}
		{8EAFBE33-711C-4457-BE47-8B470AC8FC71} = {23CAF974-75E1-4FF1-9413-10B7638143EC}
		{F5F28F66-8646-4A87-AE37-0A2272CAC32E} = {8EAFBE33-711C-4457-BE47-8B470AC8FC71}
		{2DBEE2B7-0584-4EEE-BA29-E446A99325C6} = {8EAFBE33-711C-4457-BE47-8B470AC8FC71}
		{F7B96B62-E138-4950-8943-76CFAB6EBAC6} = {2DBEE2B7-0584-4EEE-BA29-E446A99325C6}
	EndGlobalSection
EndGlobal
